PODS:
  - SwiftKeychainWrapper (3.2.0)

DEPENDENCIES:
  - SwiftKeychainWrapper (~> 3.2)

SPEC REPOS:
  https://github.com/cocoapods/specs.git:
    - SwiftKeychainWrapper

SPEC CHECKSUMS:
  SwiftKeychainWrapper: 82c4c02cdc36f9a24f7edfcaab3e336401caa1a1

PODFILE CHECKSUM: 693df6c4a1a938cddafd139496d1c8b0d35f9897

COCOAPODS: 1.5.3
