// !$*UTF8*$!
{
	archiveVersion = 1;
	classes = {
	};
	objectVersion = 50;
	objects = {

/* Begin PBXBuildFile section */
		709E81B173028844D5462B34 /* Pods_StoreDataKeychain.framework in Frameworks */ = {isa = PBXBuildFile; fileRef = 913B59316F74E62A27710AD5 /* Pods_StoreDataKeychain.framework */; };
		847208A921DA37AF0081C68C /* AppDelegate.swift in Sources */ = {isa = PBXBuildFile; fileRef = 847208A821DA37AF0081C68C /* AppDelegate.swift */; };
		847208AB21DA37AF0081C68C /* ViewController.swift in Sources */ = {isa = PBXBuildFile; fileRef = 847208AA21DA37AF0081C68C /* ViewController.swift */; };
		847208AE21DA37AF0081C68C /* Main.storyboard in Resources */ = {isa = PBXBuildFile; fileRef = 847208AC21DA37AF0081C68C /* Main.storyboard */; };
		847208B021DA37B10081C68C /* Assets.xcassets in Resources */ = {isa = PBXBuildFile; fileRef = 847208AF21DA37B10081C68C /* Assets.xcassets */; };
		847208B321DA37B10081C68C /* LaunchScreen.storyboard in Resources */ = {isa = PBXBuildFile; fileRef = 847208B121DA37B10081C68C /* LaunchScreen.storyboard */; };
/* End PBXBuildFile section */

/* Begin PBXFileReference section */
		5C4D40B15679937E63A217E4 /* Pods-StoreDataKeychain.release.xcconfig */ = {isa = PBXFileReference; includeInIndex = 1; lastKnownFileType = text.xcconfig; name = "Pods-StoreDataKeychain.release.xcconfig"; path = "Pods/Target Support Files/Pods-StoreDataKeychain/Pods-StoreDataKeychain.release.xcconfig"; sourceTree = "<group>"; };
		8184334A1AB8954B29C957FC /* Pods-StoreDataKeychain.debug.xcconfig */ = {isa = PBXFileReference; includeInIndex = 1; lastKnownFileType = text.xcconfig; name = "Pods-StoreDataKeychain.debug.xcconfig"; path = "Pods/Target Support Files/Pods-StoreDataKeychain/Pods-StoreDataKeychain.debug.xcconfig"; sourceTree = "<group>"; };
		847208A521DA37AF0081C68C /* StoreDataKeychain.app */ = {isa = PBXFileReference; explicitFileType = wrapper.application; includeInIndex = 0; path = StoreDataKeychain.app; sourceTree = BUILT_PRODUCTS_DIR; };
		847208A821DA37AF0081C68C /* AppDelegate.swift */ = {isa = PBXFileReference; lastKnownFileType = sourcecode.swift; path = AppDelegate.swift; sourceTree = "<group>"; };
		847208AA21DA37AF0081C68C /* ViewController.swift */ = {isa = PBXFileReference; lastKnownFileType = sourcecode.swift; path = ViewController.swift; sourceTree = "<group>"; };
		847208AD21DA37AF0081C68C /* Base */ = {isa = PBXFileReference; lastKnownFileType = file.storyboard; name = Base; path = Base.lproj/Main.storyboard; sourceTree = "<group>"; };
		847208AF21DA37B10081C68C /* Assets.xcassets */ = {isa = PBXFileReference; lastKnownFileType = folder.assetcatalog; path = Assets.xcassets; sourceTree = "<group>"; };
		847208B221DA37B10081C68C /* Base */ = {isa = PBXFileReference; lastKnownFileType = file.storyboard; name = Base; path = Base.lproj/LaunchScreen.storyboard; sourceTree = "<group>"; };
		847208B421DA37B10081C68C /* Info.plist */ = {isa = PBXFileReference; lastKnownFileType = text.plist.xml; path = Info.plist; sourceTree = "<group>"; };
		847208BA21DA41E30081C68C /* StoreDataKeychain.entitlements */ = {isa = PBXFileReference; lastKnownFileType = text.plist.entitlements; path = StoreDataKeychain.entitlements; sourceTree = "<group>"; };
		913B59316F74E62A27710AD5 /* Pods_StoreDataKeychain.framework */ = {isa = PBXFileReference; explicitFileType = wrapper.framework; includeInIndex = 0; path = Pods_StoreDataKeychain.framework; sourceTree = BUILT_PRODUCTS_DIR; };
/* End PBXFileReference section */

/* Begin PBXFrameworksBuildPhase section */
		847208A221DA37AF0081C68C /* Frameworks */ = {
			isa = PBXFrameworksBuildPhase;
			buildActionMask = 2147483647;
			files = (
				709E81B173028844D5462B34 /* Pods_StoreDataKeychain.framework in Frameworks */,
			);
			runOnlyForDeploymentPostprocessing = 0;
		};
/* End PBXFrameworksBuildPhase section */

/* Begin PBXGroup section */
		68136F7325FF753F4882F049 /* Frameworks */ = {
			isa = PBXGroup;
			children = (
				913B59316F74E62A27710AD5 /* Pods_StoreDataKeychain.framework */,
			);
			name = Frameworks;
			sourceTree = "<group>";
		};
		8472089C21DA37AF0081C68C = {
			isa = PBXGroup;
			children = (
				847208A721DA37AF0081C68C /* StoreDataKeychain */,
				847208A621DA37AF0081C68C /* Products */,
				C4EE4E8B837D3FFCD2A2510A /* Pods */,
				68136F7325FF753F4882F049 /* Frameworks */,
			);
			sourceTree = "<group>";
		};
		847208A621DA37AF0081C68C /* Products */ = {
			isa = PBXGroup;
			children = (
				847208A521DA37AF0081C68C /* StoreDataKeychain.app */,
			);
			name = Products;
			sourceTree = "<group>";
		};
		847208A721DA37AF0081C68C /* StoreDataKeychain */ = {
			isa = PBXGroup;
			children = (
				847208BA21DA41E30081C68C /* StoreDataKeychain.entitlements */,
				847208A821DA37AF0081C68C /* AppDelegate.swift */,
				847208AA21DA37AF0081C68C /* ViewController.swift */,
				847208AC21DA37AF0081C68C /* Main.storyboard */,
				847208AF21DA37B10081C68C /* Assets.xcassets */,
				847208B121DA37B10081C68C /* LaunchScreen.storyboard */,
				847208B421DA37B10081C68C /* Info.plist */,
			);
			path = StoreDataKeychain;
			sourceTree = "<group>";
		};
		C4EE4E8B837D3FFCD2A2510A /* Pods */ = {
			isa = PBXGroup;
			children = (
				8184334A1AB8954B29C957FC /* Pods-StoreDataKeychain.debug.xcconfig */,
				5C4D40B15679937E63A217E4 /* Pods-StoreDataKeychain.release.xcconfig */,
			);
			name = Pods;
			sourceTree = "<group>";
		};
/* End PBXGroup section */

/* Begin PBXNativeTarget section */
		847208A421DA37AF0081C68C /* StoreDataKeychain */ = {
			isa = PBXNativeTarget;
			buildConfigurationList = 847208B721DA37B10081C68C /* Build configuration list for PBXNativeTarget "StoreDataKeychain" */;
			buildPhases = (
				81906067B56E89B2E72E1510 /* [CP] Check Pods Manifest.lock */,
				847208A121DA37AF0081C68C /* Sources */,
				847208A221DA37AF0081C68C /* Frameworks */,
				847208A321DA37AF0081C68C /* Resources */,
				CCF0EC8B370001A3786872AB /* [CP] Embed Pods Frameworks */,
			);
			buildRules = (
			);
			dependencies = (
			);
			name = StoreDataKeychain;
			productName = StoreDataKeychain;
			productReference = 847208A521DA37AF0081C68C /* StoreDataKeychain.app */;
			productType = "com.apple.product-type.application";
		};
/* End PBXNativeTarget section */

/* Begin PBXProject section */
		8472089D21DA37AF0081C68C /* Project object */ = {
			isa = PBXProject;
			attributes = {
				LastSwiftUpdateCheck = 1000;
				LastUpgradeCheck = 1000;
				ORGANIZATIONNAME = VISHAL;
				TargetAttributes = {
					847208A421DA37AF0081C68C = {
						CreatedOnToolsVersion = 10.0;
						SystemCapabilities = {
							com.apple.Keychain = {
								enabled = 1;
							};
						};
					};
				};
			};
			buildConfigurationList = 847208A021DA37AF0081C68C /* Build configuration list for PBXProject "StoreDataKeychain" */;
			compatibilityVersion = "Xcode 9.3";
			developmentRegion = en;
			hasScannedForEncodings = 0;
			knownRegions = (
				en,
				Base,
			);
			mainGroup = 8472089C21DA37AF0081C68C;
			productRefGroup = 847208A621DA37AF0081C68C /* Products */;
			projectDirPath = "";
			projectRoot = "";
			targets = (
				847208A421DA37AF0081C68C /* StoreDataKeychain */,
			);
		};
/* End PBXProject section */

/* Begin PBXResourcesBuildPhase section */
		847208A321DA37AF0081C68C /* Resources */ = {
			isa = PBXResourcesBuildPhase;
			buildActionMask = 2147483647;
			files = (
				847208B321DA37B10081C68C /* LaunchScreen.storyboard in Resources */,
				847208B021DA37B10081C68C /* Assets.xcassets in Resources */,
				847208AE21DA37AF0081C68C /* Main.storyboard in Resources */,
			);
			runOnlyForDeploymentPostprocessing = 0;
		};
/* End PBXResourcesBuildPhase section */

/* Begin PBXShellScriptBuildPhase section */
		81906067B56E89B2E72E1510 /* [CP] Check Pods Manifest.lock */ = {
			isa = PBXShellScriptBuildPhase;
			buildActionMask = 2147483647;
			files = (
			);
			inputFileListPaths = (
			);
			inputPaths = (
				"${PODS_PODFILE_DIR_PATH}/Podfile.lock",
				"${PODS_ROOT}/Manifest.lock",
			);
			name = "[CP] Check Pods Manifest.lock";
			outputFileListPaths = (
			);
			outputPaths = (
				"$(DERIVED_FILE_DIR)/Pods-StoreDataKeychain-checkManifestLockResult.txt",
			);
			runOnlyForDeploymentPostprocessing = 0;
			shellPath = /bin/sh;
			shellScript = "diff \"${PODS_PODFILE_DIR_PATH}/Podfile.lock\" \"${PODS_ROOT}/Manifest.lock\" > /dev/null\nif [ $? != 0 ] ; then\n    # print error to STDERR\n    echo \"error: The sandbox is not in sync with the Podfile.lock. Run 'pod install' or update your CocoaPods installation.\" >&2\n    exit 1\nfi\n# This output is used by Xcode 'outputs' to avoid re-running this script phase.\necho \"SUCCESS\" > \"${SCRIPT_OUTPUT_FILE_0}\"\n";
			showEnvVarsInLog = 0;
		};
		CCF0EC8B370001A3786872AB /* [CP] Embed Pods Frameworks */ = {
			isa = PBXShellScriptBuildPhase;
			buildActionMask = 2147483647;
			files = (
			);
			inputFileListPaths = (
			);
			inputPaths = (
				"${SRCROOT}/Pods/Target Support Files/Pods-StoreDataKeychain/Pods-StoreDataKeychain-frameworks.sh",
				"${BUILT_PRODUCTS_DIR}/SwiftKeychainWrapper/SwiftKeychainWrapper.framework",
			);
			name = "[CP] Embed Pods Frameworks";
			outputFileListPaths = (
			);
			outputPaths = (
				"${TARGET_BUILD_DIR}/${FRAMEWORKS_FOLDER_PATH}/SwiftKeychainWrapper.framework",
			);
			runOnlyForDeploymentPostprocessing = 0;
			shellPath = /bin/sh;
			shellScript = "\"${SRCROOT}/Pods/Target Support Files/Pods-StoreDataKeychain/Pods-StoreDataKeychain-frameworks.sh\"\n";
			showEnvVarsInLog = 0;
		};
/* End PBXShellScriptBuildPhase section */

/* Begin PBXSourcesBuildPhase section */
		847208A121DA37AF0081C68C /* Sources */ = {
			isa = PBXSourcesBuildPhase;
			buildActionMask = 2147483647;
			files = (
				847208AB21DA37AF0081C68C /* ViewController.swift in Sources */,
				847208A921DA37AF0081C68C /* AppDelegate.swift in Sources */,
			);
			runOnlyForDeploymentPostprocessing = 0;
		};
/* End PBXSourcesBuildPhase section */

/* Begin PBXVariantGroup section */
		847208AC21DA37AF0081C68C /* Main.storyboard */ = {
			isa = PBXVariantGroup;
			children = (
				847208AD21DA37AF0081C68C /* Base */,
			);
			name = Main.storyboard;
			sourceTree = "<group>";
		};
		847208B121DA37B10081C68C /* LaunchScreen.storyboard */ = {
			isa = PBXVariantGroup;
			children = (
				847208B221DA37B10081C68C /* Base */,
			);
			name = LaunchScreen.storyboard;
			sourceTree = "<group>";
		};
/* End PBXVariantGroup section */

/* Begin XCBuildConfiguration section */
		847208B521DA37B10081C68C /* Debug */ = {
			isa = XCBuildConfiguration;
			buildSettings = {
				ALWAYS_SEARCH_USER_PATHS = NO;
				CLANG_ANALYZER_NONNULL = YES;
				CLANG_ANALYZER_NUMBER_OBJECT_CONVERSION = YES_AGGRESSIVE;
				CLANG_CXX_LANGUAGE_STANDARD = "gnu++14";
				CLANG_CXX_LIBRARY = "libc++";
				CLANG_ENABLE_MODULES = YES;
				CLANG_ENABLE_OBJC_ARC = YES;
				CLANG_ENABLE_OBJC_WEAK = YES;
				CLANG_WARN_BLOCK_CAPTURE_AUTORELEASING = YES;
				CLANG_WARN_BOOL_CONVERSION = YES;
				CLANG_WARN_COMMA = YES;
				CLANG_WARN_CONSTANT_CONVERSION = YES;
				CLANG_WARN_DEPRECATED_OBJC_IMPLEMENTATIONS = YES;
				CLANG_WARN_DIRECT_OBJC_ISA_USAGE = YES_ERROR;
				CLANG_WARN_DOCUMENTATION_COMMENTS = YES;
				CLANG_WARN_EMPTY_BODY = YES;
				CLANG_WARN_ENUM_CONVERSION = YES;
				CLANG_WARN_INFINITE_RECURSION = YES;
				CLANG_WARN_INT_CONVERSION = YES;
				CLANG_WARN_NON_LITERAL_NULL_CONVERSION = YES;
				CLANG_WARN_OBJC_IMPLICIT_RETAIN_SELF = YES;
				CLANG_WARN_OBJC_LITERAL_CONVERSION = YES;
				CLANG_WARN_OBJC_ROOT_CLASS = YES_ERROR;
				CLANG_WARN_RANGE_LOOP_ANALYSIS = YES;
				CLANG_WARN_STRICT_PROTOTYPES = YES;
				CLANG_WARN_SUSPICIOUS_MOVE = YES;
				CLANG_WARN_UNGUARDED_AVAILABILITY = YES_AGGRESSIVE;
				CLANG_WARN_UNREACHABLE_CODE = YES;
				CLANG_WARN__DUPLICATE_METHOD_MATCH = YES;
				CODE_SIGN_IDENTITY = "iPhone Developer";
				COPY_PHASE_STRIP = NO;
				DEBUG_INFORMATION_FORMAT = dwarf;
				ENABLE_STRICT_OBJC_MSGSEND = YES;
				ENABLE_TESTABILITY = YES;
				GCC_C_LANGUAGE_STANDARD = gnu11;
				GCC_DYNAMIC_NO_PIC = NO;
				GCC_NO_COMMON_BLOCKS = YES;
				GCC_OPTIMIZATION_LEVEL = 0;
				GCC_PREPROCESSOR_DEFINITIONS = (
					"DEBUG=1",
					"$(inherited)",
				);
				GCC_WARN_64_TO_32_BIT_CONVERSION = YES;
				GCC_WARN_ABOUT_RETURN_TYPE = YES_ERROR;
				GCC_WARN_UNDECLARED_SELECTOR = YES;
				GCC_WARN_UNINITIALIZED_AUTOS = YES_AGGRESSIVE;
				GCC_WARN_UNUSED_FUNCTION = YES;
				GCC_WARN_UNUSED_VARIABLE = YES;
				IPHONEOS_DEPLOYMENT_TARGET = 12.0;
				MTL_ENABLE_DEBUG_INFO = INCLUDE_SOURCE;
				MTL_FAST_MATH = YES;
				ONLY_ACTIVE_ARCH = YES;
				SDKROOT = iphoneos;
				SWIFT_ACTIVE_COMPILATION_CONDITIONS = DEBUG;
				SWIFT_OPTIMIZATION_LEVEL = "-Onone";
			};
			name = Debug;
		};
		847208B621DA37B10081C68C /* Release */ = {
			isa = XCBuildConfiguration;
			buildSettings = {
				ALWAYS_SEARCH_USER_PATHS = NO;
				CLANG_ANALYZER_NONNULL = YES;
				CLANG_ANALYZER_NUMBER_OBJECT_CONVERSION = YES_AGGRESSIVE;
				CLANG_CXX_LANGUAGE_STANDARD = "gnu++14";
				CLANG_CXX_LIBRARY = "libc++";
				CLANG_ENABLE_MODULES = YES;
				CLANG_ENABLE_OBJC_ARC = YES;
				CLANG_ENABLE_OBJC_WEAK = YES;
				CLANG_WARN_BLOCK_CAPTURE_AUTORELEASING = YES;
				CLANG_WARN_BOOL_CONVERSION = YES;
				CLANG_WARN_COMMA = YES;
				CLANG_WARN_CONSTANT_CONVERSION = YES;
				CLANG_WARN_DEPRECATED_OBJC_IMPLEMENTATIONS = YES;
				CLANG_WARN_DIRECT_OBJC_ISA_USAGE = YES_ERROR;
				CLANG_WARN_DOCUMENTATION_COMMENTS = YES;
				CLANG_WARN_EMPTY_BODY = YES;
				CLANG_WARN_ENUM_CONVERSION = YES;
				CLANG_WARN_INFINITE_RECURSION = YES;
				CLANG_WARN_INT_CONVERSION = YES;
				CLANG_WARN_NON_LITERAL_NULL_CONVERSION = YES;
				CLANG_WARN_OBJC_IMPLICIT_RETAIN_SELF = YES;
				CLANG_WARN_OBJC_LITERAL_CONVERSION = YES;
				CLANG_WARN_OBJC_ROOT_CLASS = YES_ERROR;
				CLANG_WARN_RANGE_LOOP_ANALYSIS = YES;
				CLANG_WARN_STRICT_PROTOTYPES = YES;
				CLANG_WARN_SUSPICIOUS_MOVE = YES;
				CLANG_WARN_UNGUARDED_AVAILABILITY = YES_AGGRESSIVE;
				CLANG_WARN_UNREACHABLE_CODE = YES;
				CLANG_WARN__DUPLICATE_METHOD_MATCH = YES;
				CODE_SIGN_IDENTITY = "iPhone Developer";
				COPY_PHASE_STRIP = NO;
				DEBUG_INFORMATION_FORMAT = "dwarf-with-dsym";
				ENABLE_NS_ASSERTIONS = NO;
				ENABLE_STRICT_OBJC_MSGSEND = YES;
				GCC_C_LANGUAGE_STANDARD = gnu11;
				GCC_NO_COMMON_BLOCKS = YES;
				GCC_WARN_64_TO_32_BIT_CONVERSION = YES;
				GCC_WARN_ABOUT_RETURN_TYPE = YES_ERROR;
				GCC_WARN_UNDECLARED_SELECTOR = YES;
				GCC_WARN_UNINITIALIZED_AUTOS = YES_AGGRESSIVE;
				GCC_WARN_UNUSED_FUNCTION = YES;
				GCC_WARN_UNUSED_VARIABLE = YES;
				IPHONEOS_DEPLOYMENT_TARGET = 12.0;
				MTL_ENABLE_DEBUG_INFO = NO;
				MTL_FAST_MATH = YES;
				SDKROOT = iphoneos;
				SWIFT_COMPILATION_MODE = wholemodule;
				SWIFT_OPTIMIZATION_LEVEL = "-O";
				VALIDATE_PRODUCT = YES;
			};
			name = Release;
		};
		847208B821DA37B10081C68C /* Debug */ = {
			isa = XCBuildConfiguration;
			baseConfigurationReference = 8184334A1AB8954B29C957FC /* Pods-StoreDataKeychain.debug.xcconfig */;
			buildSettings = {
				ASSETCATALOG_COMPILER_APPICON_NAME = AppIcon;
				CODE_SIGN_ENTITLEMENTS = StoreDataKeychain/StoreDataKeychain.entitlements;
				CODE_SIGN_STYLE = Manual;
				DEVELOPMENT_TEAM = "";
				INFOPLIST_FILE = StoreDataKeychain/Info.plist;
				LD_RUNPATH_SEARCH_PATHS = (
					"$(inherited)",
					"@executable_path/Frameworks",
				);
				PRODUCT_BUNDLE_IDENTIFIER = com.StoreDataKeychain;
				PRODUCT_NAME = "$(TARGET_NAME)";
				PROVISIONING_PROFILE_SPECIFIER = "";
				SWIFT_VERSION = 4.2;
				TARGETED_DEVICE_FAMILY = "1,2";
			};
			name = Debug;
		};
		847208B921DA37B10081C68C /* Release */ = {
			isa = XCBuildConfiguration;
			baseConfigurationReference = 5C4D40B15679937E63A217E4 /* Pods-StoreDataKeychain.release.xcconfig */;
			buildSettings = {
				ASSETCATALOG_COMPILER_APPICON_NAME = AppIcon;
				CODE_SIGN_ENTITLEMENTS = StoreDataKeychain/StoreDataKeychain.entitlements;
				CODE_SIGN_STYLE = Manual;
				DEVELOPMENT_TEAM = "";
				INFOPLIST_FILE = StoreDataKeychain/Info.plist;
				LD_RUNPATH_SEARCH_PATHS = (
					"$(inherited)",
					"@executable_path/Frameworks",
				);
				PRODUCT_BUNDLE_IDENTIFIER = com.StoreDataKeychain;
				PRODUCT_NAME = "$(TARGET_NAME)";
				PROVISIONING_PROFILE_SPECIFIER = "";
				SWIFT_VERSION = 4.2;
				TARGETED_DEVICE_FAMILY = "1,2";
			};
			name = Release;
		};
/* End XCBuildConfiguration section */

/* Begin XCConfigurationList section */
		847208A021DA37AF0081C68C /* Build configuration list for PBXProject "StoreDataKeychain" */ = {
			isa = XCConfigurationList;
			buildConfigurations = (
				847208B521DA37B10081C68C /* Debug */,
				847208B621DA37B10081C68C /* Release */,
			);
			defaultConfigurationIsVisible = 0;
			defaultConfigurationName = Release;
		};
		847208B721DA37B10081C68C /* Build configuration list for PBXNativeTarget "StoreDataKeychain" */ = {
			isa = XCConfigurationList;
			buildConfigurations = (
				847208B821DA37B10081C68C /* Debug */,
				847208B921DA37B10081C68C /* Release */,
			);
			defaultConfigurationIsVisible = 0;
			defaultConfigurationName = Release;
		};
/* End XCConfigurationList section */
	};
	rootObject = 8472089D21DA37AF0081C68C /* Project object */;
}
